
Microsoft Visual Studio Solution File, Format Version 12.00
# Visual Studio Version 17
VisualStudioVersion = 17.8.34316.72
MinimumVisualStudioVersion = 10.0.40219.1
Project("{FAE04EC0-301F-11D3-BF4B-00C04F79EFBC}") = "yHR", "yokirExpenditure\yHR.csproj", "{C6044A26-0A1D-4AAB-A22F-37B97EDBAC72}"
EndProject
Project("{FAE04EC0-301F-11D3-BF4B-00C04F79EFBC}") = "yHR.DataAccess", "yokir.Expenditure.Data.Access\yHR.DataAccess.csproj", "{DC7205F4-183F-4973-8468-60EB14E3856C}"
EndProject
Project("{FAE04EC0-301F-11D3-BF4B-00C04F79EFBC}") = "yHR.MiddleTier", "yHR.MiddleTier\yHR.MiddleTier.csproj", "{D97EED6E-E2FB-4C0B-8A5B-0187E431FEBA}"
EndProject
Project("{FAE04EC0-301F-11D3-BF4B-00C04F79EFBC}") = "yHR.Common", "yHR.Common\yHR.Common.csproj", "{529D62CF-59AC-4554-8C7D-BC4DE86694CD}"
EndProject
Project("{FAE04EC0-301F-11D3-BF4B-00C04F79EFBC}") = "yHR.Desktop.Controller", "yHR.Desktop.Controller\yHR.Desktop.Controller.csproj", "{22648CFC-EE00-4EA3-8FFF-93CC12708652}"
EndProject
Global
	GlobalSection(SolutionConfigurationPlatforms) = preSolution
		Debug|Any CPU = Debug|Any CPU
		Release|Any CPU = Release|Any CPU
	EndGlobalSection
	GlobalSection(ProjectConfigurationPlatforms) = postSolution
		{C6044A26-0A1D-4AAB-A22F-37B97EDBAC72}.Debug|Any CPU.ActiveCfg = Debug|Any CPU
		{C6044A26-0A1D-4AAB-A22F-37B97EDBAC72}.Debug|Any CPU.Build.0 = Debug|Any CPU
		{C6044A26-0A1D-4AAB-A22F-37B97EDBAC72}.Release|Any CPU.ActiveCfg = Release|Any CPU
		{C6044A26-0A1D-4AAB-A22F-37B97EDBAC72}.Release|Any CPU.Build.0 = Release|Any CPU
		{DC7205F4-183F-4973-8468-60EB14E3856C}.Debug|Any CPU.ActiveCfg = Debug|Any CPU
		{DC7205F4-183F-4973-8468-60EB14E3856C}.Debug|Any CPU.Build.0 = Debug|Any CPU
		{DC7205F4-183F-4973-8468-60EB14E3856C}.Release|Any CPU.ActiveCfg = Release|Any CPU
		{DC7205F4-183F-4973-8468-60EB14E3856C}.Release|Any CPU.Build.0 = Release|Any CPU
		{D97EED6E-E2FB-4C0B-8A5B-0187E431FEBA}.Debug|Any CPU.ActiveCfg = Debug|Any CPU
		{D97EED6E-E2FB-4C0B-8A5B-0187E431FEBA}.Debug|Any CPU.Build.0 = Debug|Any CPU
		{D97EED6E-E2FB-4C0B-8A5B-0187E431FEBA}.Release|Any CPU.ActiveCfg = Release|Any CPU
		{D97EED6E-E2FB-4C0B-8A5B-0187E431FEBA}.Release|Any CPU.Build.0 = Release|Any CPU
		{529D62CF-59AC-4554-8C7D-BC4DE86694CD}.Debug|Any CPU.ActiveCfg = Debug|Any CPU
		{529D62CF-59AC-4554-8C7D-BC4DE86694CD}.Debug|Any CPU.Build.0 = Debug|Any CPU
		{529D62CF-59AC-4554-8C7D-BC4DE86694CD}.Release|Any CPU.ActiveCfg = Release|Any CPU
		{529D62CF-59AC-4554-8C7D-BC4DE86694CD}.Release|Any CPU.Build.0 = Release|Any CPU
		{22648CFC-EE00-4EA3-8FFF-93CC12708652}.Debug|Any CPU.ActiveCfg = Debug|Any CPU
		{22648CFC-EE00-4EA3-8FFF-93CC12708652}.Debug|Any CPU.Build.0 = Debug|Any CPU
		{22648CFC-EE00-4EA3-8FFF-93CC12708652}.Release|Any CPU.ActiveCfg = Release|Any CPU
		{22648CFC-EE00-4EA3-8FFF-93CC12708652}.Release|Any CPU.Build.0 = Release|Any CPU
	EndGlobalSection
	GlobalSection(SolutionProperties) = preSolution
		HideSolutionNode = FALSE
	EndGlobalSection
	GlobalSection(ExtensibilityGlobals) = postSolution
		SolutionGuid = {F68E6E07-907F-40DF-8A12-A0A625071562}
	EndGlobalSection
EndGlobal
